
Microsoft Visual Studio Solution File, Format Version 12.00
# Visual Studio Version 17
VisualStudioVersion = 17.0.32002.185
MinimumVisualStudioVersion = 10.0.40219.1
Project("{FAE04EC0-301F-11D3-BF4B-00C04F79EFBC}") = "Countdown", "Countdown.csproj", "{F971D873-1FCD-4C33-82A3-D37816E62A05}"
EndProject
Global
	GlobalSection(SolutionConfigurationPlatforms) = preSolution
		Debug|Any CPU = Debug|Any CPU
		Debug|x64 = Debug|x64
		Release|Any CPU = Release|Any CPU
		Release|x64 = Release|x64
	EndGlobalSection
	GlobalSection(ProjectConfigurationPlatforms) = postSolution
		{F971D873-1FCD-4C33-82A3-D37816E62A05}.Debug|Any CPU.ActiveCfg = Debug|Any CPU
		{F971D873-1FCD-4C33-82A3-D37816E62A05}.Debug|Any CPU.Build.0 = Debug|Any CPU
		{F971D873-1FCD-4C33-82A3-D37816E62A05}.Debug|x64.ActiveCfg = Debug|x64
		{F971D873-1FCD-4C33-82A3-D37816E62A05}.Debug|x64.Build.0 = Debug|x64
		{F971D873-1FCD-4C33-82A3-D37816E62A05}.Release|Any CPU.ActiveCfg = Release|Any CPU
		{F971D873-1FCD-4C33-82A3-D37816E62A05}.Release|Any CPU.Build.0 = Release|Any CPU
		{F971D873-1FCD-4C33-82A3-D37816E62A05}.Release|x64.ActiveCfg = Release|x64
		{F971D873-1FCD-4C33-82A3-D37816E62A05}.Release|x64.Build.0 = Release|x64
	EndGlobalSection
	GlobalSection(SolutionProperties) = preSolution
		HideSolutionNode = FALSE
	EndGlobalSection
	GlobalSection(ExtensibilityGlobals) = postSolution
		SolutionGuid = {525F69F4-26BA-4766-BEE6-830BF940B7BD}
	EndGlobalSection
EndGlobal
